
Microsoft Visual Studio Solution File, Format Version 12.00
# Visual Studio Version 17
VisualStudioVersion = 17.0.32112.339
MinimumVisualStudioVersion = 10.0.40219.1
Project("{FAE04EC0-301F-11D3-BF4B-00C04F79EFBC}") = "Numero_Resultado", "Numero_Resultado\Numero_Resultado.csproj", "{BED64DB6-1928-4C6E-B95F-AAB6D79C040D}"
EndProject
Global
	GlobalSection(SolutionConfigurationPlatforms) = preSolution
		Debug|Any CPU = Debug|Any CPU
		Release|Any CPU = Release|Any CPU
	EndGlobalSection
	GlobalSection(ProjectConfigurationPlatforms) = postSolution
		{BED64DB6-1928-4C6E-B95F-AAB6D79C040D}.Debug|Any CPU.ActiveCfg = Debug|Any CPU
		{BED64DB6-1928-4C6E-B95F-AAB6D79C040D}.Debug|Any CPU.Build.0 = Debug|Any CPU
		{BED64DB6-1928-4C6E-B95F-AAB6D79C040D}.Release|Any CPU.ActiveCfg = Release|Any CPU
		{BED64DB6-1928-4C6E-B95F-AAB6D79C040D}.Release|Any CPU.Build.0 = Release|Any CPU
	EndGlobalSection
	GlobalSection(SolutionProperties) = preSolution
		HideSolutionNode = FALSE
	EndGlobalSection
	GlobalSection(ExtensibilityGlobals) = postSolution
		SolutionGuid = {9EC610B6-7741-4267-AD26-CE67B77BD716}
	EndGlobalSection
EndGlobal
